// !$*UTF8*$!
{
	archiveVersion = 1;
	classes = {
	};
	objectVersion = 50;
	objects = {

/* Begin PBXBuildFile section */
		1CAD743B21E7DFAB0096A99D /* AppDelegate.swift in Sources */ = {isa = PBXBuildFile; fileRef = 1CAD743A21E7DFAB0096A99D /* AppDelegate.swift */; };
		1CAD743D21E7DFAB0096A99D /* ViewController.swift in Sources */ = {isa = PBXBuildFile; fileRef = 1CAD743C21E7DFAB0096A99D /* ViewController.swift */; };
		1CAD744021E7DFAB0096A99D /* Main.storyboard in Resources */ = {isa = PBXBuildFile; fileRef = 1CAD743E21E7DFAB0096A99D /* Main.storyboard */; };
		1CAD744321E7DFAB0096A99D /* CelerDemo.xcdatamodeld in Sources */ = {isa = PBXBuildFile; fileRef = 1CAD744121E7DFAB0096A99D /* CelerDemo.xcdatamodeld */; };
		1CAD744521E7DFAF0096A99D /* Assets.xcassets in Resources */ = {isa = PBXBuildFile; fileRef = 1CAD744421E7DFAF0096A99D /* Assets.xcassets */; };
		1CAD744821E7DFAF0096A99D /* LaunchScreen.storyboard in Resources */ = {isa = PBXBuildFile; fileRef = 1CAD744621E7DFAF0096A99D /* LaunchScreen.storyboard */; };
		1CAD745321E7DFAF0096A99D /* CelerDemoTests.swift in Sources */ = {isa = PBXBuildFile; fileRef = 1CAD745221E7DFAF0096A99D /* CelerDemoTests.swift */; };
		1CAD745E21E7DFAF0096A99D /* CelerDemoUITests.swift in Sources */ = {isa = PBXBuildFile; fileRef = 1CAD745D21E7DFAF0096A99D /* CelerDemoUITests.swift */; };
		1CAD748821E7EE1B0096A99D /* Slide.xib in Resources */ = {isa = PBXBuildFile; fileRef = 1CAD748621E7EE1B0096A99D /* Slide.xib */; };
		1CAD749021E7FB970096A99D /* QuartzCore.framework in Frameworks */ = {isa = PBXBuildFile; fileRef = 1CAD748F21E7FB970096A99D /* QuartzCore.framework */; };
		1CC1481E21E94218008D4356 /* Slide.swift in Sources */ = {isa = PBXBuildFile; fileRef = 1CC1481D21E94218008D4356 /* Slide.swift */; };
		1CC1482121E9D116008D4356 /* Createable.swift in Sources */ = {isa = PBXBuildFile; fileRef = 1CC1482021E9D116008D4356 /* Createable.swift */; };
		1CC1482321EA8C1F008D4356 /* Style.swift in Sources */ = {isa = PBXBuildFile; fileRef = 1CC1482221EA8C1F008D4356 /* Style.swift */; };
		3B0DA477EB52858A2FFDCB27 /* libPods-CelerDemoTests.a in Frameworks */ = {isa = PBXBuildFile; fileRef = 3FED4BA5ABE2109DD984CCF2 /* libPods-CelerDemoTests.a */; };
		B3B9265A1DB8C29743557566 /* libPods-CelerDemo.a in Frameworks */ = {isa = PBXBuildFile; fileRef = BA6946AC4FC2B649E603734A /* libPods-CelerDemo.a */; };
		CA5B1FA6D7896C87633F9348 /* libPods-CelerDemoUITests.a in Frameworks */ = {isa = PBXBuildFile; fileRef = 1EC59B4521851A835DDD78CB /* libPods-CelerDemoUITests.a */; };
/* End PBXBuildFile section */

/* Begin PBXContainerItemProxy section */
		1CAD744F21E7DFAF0096A99D /* PBXContainerItemProxy */ = {
			isa = PBXContainerItemProxy;
			containerPortal = 1CAD742F21E7DFAB0096A99D /* Project object */;
			proxyType = 1;
			remoteGlobalIDString = 1CAD743621E7DFAB0096A99D;
			remoteInfo = CelerDemo;
		};
		1CAD745A21E7DFAF0096A99D /* PBXContainerItemProxy */ = {
			isa = PBXContainerItemProxy;
			containerPortal = 1CAD742F21E7DFAB0096A99D /* Project object */;
			proxyType = 1;
			remoteGlobalIDString = 1CAD743621E7DFAB0096A99D;
			remoteInfo = CelerDemo;
		};
/* End PBXContainerItemProxy section */

/* Begin PBXFileReference section */
		1CAD743721E7DFAB0096A99D /* CelerDemo.app */ = {isa = PBXFileReference; explicitFileType = wrapper.application; includeInIndex = 0; path = CelerDemo.app; sourceTree = BUILT_PRODUCTS_DIR; };
		1CAD743A21E7DFAB0096A99D /* AppDelegate.swift */ = {isa = PBXFileReference; lastKnownFileType = sourcecode.swift; path = AppDelegate.swift; sourceTree = "<group>"; };
		1CAD743C21E7DFAB0096A99D /* ViewController.swift */ = {isa = PBXFileReference; lastKnownFileType = sourcecode.swift; path = ViewController.swift; sourceTree = "<group>"; };
		1CAD743F21E7DFAB0096A99D /* Base */ = {isa = PBXFileReference; lastKnownFileType = file.storyboard; name = Base; path = Base.lproj/Main.storyboard; sourceTree = "<group>"; };
		1CAD744221E7DFAB0096A99D /* CelerDemo.xcdatamodel */ = {isa = PBXFileReference; lastKnownFileType = wrapper.xcdatamodel; path = CelerDemo.xcdatamodel; sourceTree = "<group>"; };
		1CAD744421E7DFAF0096A99D /* Assets.xcassets */ = {isa = PBXFileReference; lastKnownFileType = folder.assetcatalog; path = Assets.xcassets; sourceTree = "<group>"; };
		1CAD744721E7DFAF0096A99D /* Base */ = {isa = PBXFileReference; lastKnownFileType = file.storyboard; name = Base; path = Base.lproj/LaunchScreen.storyboard; sourceTree = "<group>"; };
		1CAD744921E7DFAF0096A99D /* Info.plist */ = {isa = PBXFileReference; lastKnownFileType = text.plist.xml; path = Info.plist; sourceTree = "<group>"; };
		1CAD744E21E7DFAF0096A99D /* CelerDemoTests.xctest */ = {isa = PBXFileReference; explicitFileType = wrapper.cfbundle; includeInIndex = 0; path = CelerDemoTests.xctest; sourceTree = BUILT_PRODUCTS_DIR; };
		1CAD745221E7DFAF0096A99D /* CelerDemoTests.swift */ = {isa = PBXFileReference; lastKnownFileType = sourcecode.swift; path = CelerDemoTests.swift; sourceTree = "<group>"; };
		1CAD745421E7DFAF0096A99D /* Info.plist */ = {isa = PBXFileReference; lastKnownFileType = text.plist.xml; path = Info.plist; sourceTree = "<group>"; };
		1CAD745921E7DFAF0096A99D /* CelerDemoUITests.xctest */ = {isa = PBXFileReference; explicitFileType = wrapper.cfbundle; includeInIndex = 0; path = CelerDemoUITests.xctest; sourceTree = BUILT_PRODUCTS_DIR; };
		1CAD745D21E7DFAF0096A99D /* CelerDemoUITests.swift */ = {isa = PBXFileReference; lastKnownFileType = sourcecode.swift; path = CelerDemoUITests.swift; sourceTree = "<group>"; };
		1CAD745F21E7DFAF0096A99D /* Info.plist */ = {isa = PBXFileReference; lastKnownFileType = text.plist.xml; path = Info.plist; sourceTree = "<group>"; };
		1CAD748621E7EE1B0096A99D /* Slide.xib */ = {isa = PBXFileReference; fileEncoding = 4; lastKnownFileType = file.xib; path = Slide.xib; sourceTree = "<group>"; };
		1CAD748F21E7FB970096A99D /* QuartzCore.framework */ = {isa = PBXFileReference; lastKnownFileType = wrapper.framework; name = QuartzCore.framework; path = System/Library/Frameworks/QuartzCore.framework; sourceTree = SDKROOT; };
		1CC1481D21E94218008D4356 /* Slide.swift */ = {isa = PBXFileReference; lastKnownFileType = sourcecode.swift; path = Slide.swift; sourceTree = "<group>"; };
		1CC1481F21E9B321008D4356 /* CelerDemo-Bridging-Header.h */ = {isa = PBXFileReference; lastKnownFileType = sourcecode.c.h; path = "CelerDemo-Bridging-Header.h"; sourceTree = "<group>"; };
		1CC1482021E9D116008D4356 /* Createable.swift */ = {isa = PBXFileReference; fileEncoding = 4; lastKnownFileType = sourcecode.swift; path = Createable.swift; sourceTree = "<group>"; };
		1CC1482221EA8C1F008D4356 /* Style.swift */ = {isa = PBXFileReference; fileEncoding = 4; lastKnownFileType = sourcecode.swift; path = Style.swift; sourceTree = "<group>"; };
		1EC59B4521851A835DDD78CB /* libPods-CelerDemoUITests.a */ = {isa = PBXFileReference; explicitFileType = archive.ar; includeInIndex = 0; path = "libPods-CelerDemoUITests.a"; sourceTree = BUILT_PRODUCTS_DIR; };
		28A27C6188B59831D957DAA5 /* Pods-CelerDemo.debug.xcconfig */ = {isa = PBXFileReference; includeInIndex = 1; lastKnownFileType = text.xcconfig; name = "Pods-CelerDemo.debug.xcconfig"; path = "Pods/Target Support Files/Pods-CelerDemo/Pods-CelerDemo.debug.xcconfig"; sourceTree = "<group>"; };
		3FED4BA5ABE2109DD984CCF2 /* libPods-CelerDemoTests.a */ = {isa = PBXFileReference; explicitFileType = archive.ar; includeInIndex = 0; path = "libPods-CelerDemoTests.a"; sourceTree = BUILT_PRODUCTS_DIR; };
		5652641505D13E8EB45A7DE3 /* Pods-CelerDemoTests.release.xcconfig */ = {isa = PBXFileReference; includeInIndex = 1; lastKnownFileType = text.xcconfig; name = "Pods-CelerDemoTests.release.xcconfig"; path = "Pods/Target Support Files/Pods-CelerDemoTests/Pods-CelerDemoTests.release.xcconfig"; sourceTree = "<group>"; };
		64188C20D5424D41B0DB3A92 /* Pods-CelerDemoTests.debug.xcconfig */ = {isa = PBXFileReference; includeInIndex = 1; lastKnownFileType = text.xcconfig; name = "Pods-CelerDemoTests.debug.xcconfig"; path = "Pods/Target Support Files/Pods-CelerDemoTests/Pods-CelerDemoTests.debug.xcconfig"; sourceTree = "<group>"; };
		721583E9C6FCE1C7252FE92D /* Pods-CelerDemo.release.xcconfig */ = {isa = PBXFileReference; includeInIndex = 1; lastKnownFileType = text.xcconfig; name = "Pods-CelerDemo.release.xcconfig"; path = "Pods/Target Support Files/Pods-CelerDemo/Pods-CelerDemo.release.xcconfig"; sourceTree = "<group>"; };
		ADAE05BB6744D24ACAE97415 /* Pods-CelerDemoUITests.debug.xcconfig */ = {isa = PBXFileReference; includeInIndex = 1; lastKnownFileType = text.xcconfig; name = "Pods-CelerDemoUITests.debug.xcconfig"; path = "Pods/Target Support Files/Pods-CelerDemoUITests/Pods-CelerDemoUITests.debug.xcconfig"; sourceTree = "<group>"; };
		BA6946AC4FC2B649E603734A /* libPods-CelerDemo.a */ = {isa = PBXFileReference; explicitFileType = archive.ar; includeInIndex = 0; path = "libPods-CelerDemo.a"; sourceTree = BUILT_PRODUCTS_DIR; };
		FB82B164239E6129C3158598 /* Pods-CelerDemoUITests.release.xcconfig */ = {isa = PBXFileReference; includeInIndex = 1; lastKnownFileType = text.xcconfig; name = "Pods-CelerDemoUITests.release.xcconfig"; path = "Pods/Target Support Files/Pods-CelerDemoUITests/Pods-CelerDemoUITests.release.xcconfig"; sourceTree = "<group>"; };
/* End PBXFileReference section */

/* Begin PBXFrameworksBuildPhase section */
		1CAD743421E7DFAB0096A99D /* Frameworks */ = {
			isa = PBXFrameworksBuildPhase;
			buildActionMask = 2147483647;
			files = (
				1CAD749021E7FB970096A99D /* QuartzCore.framework in Frameworks */,
				B3B9265A1DB8C29743557566 /* libPods-CelerDemo.a in Frameworks */,
			);
			runOnlyForDeploymentPostprocessing = 0;
		};
		1CAD744B21E7DFAF0096A99D /* Frameworks */ = {
			isa = PBXFrameworksBuildPhase;
			buildActionMask = 2147483647;
			files = (
				3B0DA477EB52858A2FFDCB27 /* libPods-CelerDemoTests.a in Frameworks */,
			);
			runOnlyForDeploymentPostprocessing = 0;
		};
		1CAD745621E7DFAF0096A99D /* Frameworks */ = {
			isa = PBXFrameworksBuildPhase;
			buildActionMask = 2147483647;
			files = (
				CA5B1FA6D7896C87633F9348 /* libPods-CelerDemoUITests.a in Frameworks */,
			);
			runOnlyForDeploymentPostprocessing = 0;
		};
/* End PBXFrameworksBuildPhase section */

/* Begin PBXGroup section */
		1CAD742E21E7DFAB0096A99D = {
			isa = PBXGroup;
			children = (
				1CAD743921E7DFAB0096A99D /* CelerDemo */,
				1CAD745121E7DFAF0096A99D /* CelerDemoTests */,
				1CAD745C21E7DFAF0096A99D /* CelerDemoUITests */,
				1CAD743821E7DFAB0096A99D /* Products */,
				1CAD748E21E7FB960096A99D /* Frameworks */,
				C6717ADA40EEE82B2B26507F /* Pods */,
			);
			sourceTree = "<group>";
		};
		1CAD743821E7DFAB0096A99D /* Products */ = {
			isa = PBXGroup;
			children = (
				1CAD743721E7DFAB0096A99D /* CelerDemo.app */,
				1CAD744E21E7DFAF0096A99D /* CelerDemoTests.xctest */,
				1CAD745921E7DFAF0096A99D /* CelerDemoUITests.xctest */,
			);
			name = Products;
			sourceTree = "<group>";
		};
		1CAD743921E7DFAB0096A99D /* CelerDemo */ = {
			isa = PBXGroup;
			children = (
				1CC1481D21E94218008D4356 /* Slide.swift */,
				1CC1482021E9D116008D4356 /* Createable.swift */,
				1CAD743A21E7DFAB0096A99D /* AppDelegate.swift */,
				1CAD743C21E7DFAB0096A99D /* ViewController.swift */,
				1CC1481F21E9B321008D4356 /* CelerDemo-Bridging-Header.h */,
				1CAD743E21E7DFAB0096A99D /* Main.storyboard */,
				1CC1482221EA8C1F008D4356 /* Style.swift */,
				1CAD744421E7DFAF0096A99D /* Assets.xcassets */,
				1CAD744621E7DFAF0096A99D /* LaunchScreen.storyboard */,
				1CAD744921E7DFAF0096A99D /* Info.plist */,
				1CAD748621E7EE1B0096A99D /* Slide.xib */,
				1CAD744121E7DFAB0096A99D /* CelerDemo.xcdatamodeld */,
			);
			path = CelerDemo;
			sourceTree = "<group>";
		};
		1CAD745121E7DFAF0096A99D /* CelerDemoTests */ = {
			isa = PBXGroup;
			children = (
				1CAD745221E7DFAF0096A99D /* CelerDemoTests.swift */,
				1CAD745421E7DFAF0096A99D /* Info.plist */,
			);
			path = CelerDemoTests;
			sourceTree = "<group>";
		};
		1CAD745C21E7DFAF0096A99D /* CelerDemoUITests */ = {
			isa = PBXGroup;
			children = (
				1CAD745D21E7DFAF0096A99D /* CelerDemoUITests.swift */,
				1CAD745F21E7DFAF0096A99D /* Info.plist */,
			);
			path = CelerDemoUITests;
			sourceTree = "<group>";
		};
		1CAD748E21E7FB960096A99D /* Frameworks */ = {
			isa = PBXGroup;
			children = (
				1CAD748F21E7FB970096A99D /* QuartzCore.framework */,
				BA6946AC4FC2B649E603734A /* libPods-CelerDemo.a */,
				3FED4BA5ABE2109DD984CCF2 /* libPods-CelerDemoTests.a */,
				1EC59B4521851A835DDD78CB /* libPods-CelerDemoUITests.a */,
			);
			name = Frameworks;
			sourceTree = "<group>";
		};
		C6717ADA40EEE82B2B26507F /* Pods */ = {
			isa = PBXGroup;
			children = (
				28A27C6188B59831D957DAA5 /* Pods-CelerDemo.debug.xcconfig */,
				721583E9C6FCE1C7252FE92D /* Pods-CelerDemo.release.xcconfig */,
				64188C20D5424D41B0DB3A92 /* Pods-CelerDemoTests.debug.xcconfig */,
				5652641505D13E8EB45A7DE3 /* Pods-CelerDemoTests.release.xcconfig */,
				ADAE05BB6744D24ACAE97415 /* Pods-CelerDemoUITests.debug.xcconfig */,
				FB82B164239E6129C3158598 /* Pods-CelerDemoUITests.release.xcconfig */,
			);
			name = Pods;
			sourceTree = "<group>";
		};
/* End PBXGroup section */

/* Begin PBXNativeTarget section */
		1CAD743621E7DFAB0096A99D /* CelerDemo */ = {
			isa = PBXNativeTarget;
			buildConfigurationList = 1CAD746221E7DFAF0096A99D /* Build configuration list for PBXNativeTarget "CelerDemo" */;
			buildPhases = (
				3E6F7404225974F1FB1D905B /* [CP] Check Pods Manifest.lock */,
				1CAD743321E7DFAB0096A99D /* Sources */,
				1CAD743421E7DFAB0096A99D /* Frameworks */,
				1CAD743521E7DFAB0096A99D /* Resources */,
			);
			buildRules = (
			);
			dependencies = (
			);
			name = CelerDemo;
			productName = CelerDemo;
			productReference = 1CAD743721E7DFAB0096A99D /* CelerDemo.app */;
			productType = "com.apple.product-type.application";
		};
		1CAD744D21E7DFAF0096A99D /* CelerDemoTests */ = {
			isa = PBXNativeTarget;
			buildConfigurationList = 1CAD746521E7DFAF0096A99D /* Build configuration list for PBXNativeTarget "CelerDemoTests" */;
			buildPhases = (
				6E798CEBA8677BC760E95F5A /* [CP] Check Pods Manifest.lock */,
				1CAD744A21E7DFAF0096A99D /* Sources */,
				1CAD744B21E7DFAF0096A99D /* Frameworks */,
				1CAD744C21E7DFAF0096A99D /* Resources */,
			);
			buildRules = (
			);
			dependencies = (
				1CAD745021E7DFAF0096A99D /* PBXTargetDependency */,
			);
			name = CelerDemoTests;
			productName = CelerDemoTests;
			productReference = 1CAD744E21E7DFAF0096A99D /* CelerDemoTests.xctest */;
			productType = "com.apple.product-type.bundle.unit-test";
		};
		1CAD745821E7DFAF0096A99D /* CelerDemoUITests */ = {
			isa = PBXNativeTarget;
			buildConfigurationList = 1CAD746821E7DFAF0096A99D /* Build configuration list for PBXNativeTarget "CelerDemoUITests" */;
			buildPhases = (
				C89E5C5BCBD01656751CE1D7 /* [CP] Check Pods Manifest.lock */,
				1CAD745521E7DFAF0096A99D /* Sources */,
				1CAD745621E7DFAF0096A99D /* Frameworks */,
				1CAD745721E7DFAF0096A99D /* Resources */,
			);
			buildRules = (
			);
			dependencies = (
				1CAD745B21E7DFAF0096A99D /* PBXTargetDependency */,
			);
			name = CelerDemoUITests;
			productName = CelerDemoUITests;
			productReference = 1CAD745921E7DFAF0096A99D /* CelerDemoUITests.xctest */;
			productType = "com.apple.product-type.bundle.ui-testing";
		};
/* End PBXNativeTarget section */

/* Begin PBXProject section */
		1CAD742F21E7DFAB0096A99D /* Project object */ = {
			isa = PBXProject;
			attributes = {
				LastSwiftUpdateCheck = 1010;
				LastUpgradeCheck = 1010;
				ORGANIZATIONNAME = "Caitlyn Chen";
				TargetAttributes = {
					1CAD743621E7DFAB0096A99D = {
						CreatedOnToolsVersion = 10.1;
						LastSwiftMigration = 1010;
					};
					1CAD744D21E7DFAF0096A99D = {
						CreatedOnToolsVersion = 10.1;
						TestTargetID = 1CAD743621E7DFAB0096A99D;
					};
					1CAD745821E7DFAF0096A99D = {
						CreatedOnToolsVersion = 10.1;
						TestTargetID = 1CAD743621E7DFAB0096A99D;
					};
				};
			};
			buildConfigurationList = 1CAD743221E7DFAB0096A99D /* Build configuration list for PBXProject "CelerDemo" */;
			compatibilityVersion = "Xcode 9.3";
			developmentRegion = en;
			hasScannedForEncodings = 0;
			knownRegions = (
				en,
				Base,
			);
			mainGroup = 1CAD742E21E7DFAB0096A99D;
			productRefGroup = 1CAD743821E7DFAB0096A99D /* Products */;
			projectDirPath = "";
			projectRoot = "";
			targets = (
				1CAD743621E7DFAB0096A99D /* CelerDemo */,
				1CAD744D21E7DFAF0096A99D /* CelerDemoTests */,
				1CAD745821E7DFAF0096A99D /* CelerDemoUITests */,
			);
		};
/* End PBXProject section */

/* Begin PBXResourcesBuildPhase section */
		1CAD743521E7DFAB0096A99D /* Resources */ = {
			isa = PBXResourcesBuildPhase;
			buildActionMask = 2147483647;
			files = (
				1CAD744821E7DFAF0096A99D /* LaunchScreen.storyboard in Resources */,
				1CAD744521E7DFAF0096A99D /* Assets.xcassets in Resources */,
				1CAD744021E7DFAB0096A99D /* Main.storyboard in Resources */,
				1CAD748821E7EE1B0096A99D /* Slide.xib in Resources */,
			);
			runOnlyForDeploymentPostprocessing = 0;
		};
		1CAD744C21E7DFAF0096A99D /* Resources */ = {
			isa = PBXResourcesBuildPhase;
			buildActionMask = 2147483647;
			files = (
			);
			runOnlyForDeploymentPostprocessing = 0;
		};
		1CAD745721E7DFAF0096A99D /* Resources */ = {
			isa = PBXResourcesBuildPhase;
			buildActionMask = 2147483647;
			files = (
			);
			runOnlyForDeploymentPostprocessing = 0;
		};
/* End PBXResourcesBuildPhase section */

/* Begin PBXShellScriptBuildPhase section */
		3E6F7404225974F1FB1D905B /* [CP] Check Pods Manifest.lock */ = {
			isa = PBXShellScriptBuildPhase;
			buildActionMask = 2147483647;
			files = (
			);
			inputFileListPaths = (
			);
			inputPaths = (
				"${PODS_PODFILE_DIR_PATH}/Podfile.lock",
				"${PODS_ROOT}/Manifest.lock",
			);
			name = "[CP] Check Pods Manifest.lock";
			outputFileListPaths = (
			);
			outputPaths = (
				"$(DERIVED_FILE_DIR)/Pods-CelerDemo-checkManifestLockResult.txt",
			);
			runOnlyForDeploymentPostprocessing = 0;
			shellPath = /bin/sh;
			shellScript = "diff \"${PODS_PODFILE_DIR_PATH}/Podfile.lock\" \"${PODS_ROOT}/Manifest.lock\" > /dev/null\nif [ $? != 0 ] ; then\n    # print error to STDERR\n    echo \"error: The sandbox is not in sync with the Podfile.lock. Run 'pod install' or update your CocoaPods installation.\" >&2\n    exit 1\nfi\n# This output is used by Xcode 'outputs' to avoid re-running this script phase.\necho \"SUCCESS\" > \"${SCRIPT_OUTPUT_FILE_0}\"\n";
			showEnvVarsInLog = 0;
		};
		6E798CEBA8677BC760E95F5A /* [CP] Check Pods Manifest.lock */ = {
			isa = PBXShellScriptBuildPhase;
			buildActionMask = 2147483647;
			files = (
			);
			inputFileListPaths = (
			);
			inputPaths = (
				"${PODS_PODFILE_DIR_PATH}/Podfile.lock",
				"${PODS_ROOT}/Manifest.lock",
			);
			name = "[CP] Check Pods Manifest.lock";
			outputFileListPaths = (
			);
			outputPaths = (
				"$(DERIVED_FILE_DIR)/Pods-CelerDemoTests-checkManifestLockResult.txt",
			);
			runOnlyForDeploymentPostprocessing = 0;
			shellPath = /bin/sh;
			shellScript = "diff \"${PODS_PODFILE_DIR_PATH}/Podfile.lock\" \"${PODS_ROOT}/Manifest.lock\" > /dev/null\nif [ $? != 0 ] ; then\n    # print error to STDERR\n    echo \"error: The sandbox is not in sync with the Podfile.lock. Run 'pod install' or update your CocoaPods installation.\" >&2\n    exit 1\nfi\n# This output is used by Xcode 'outputs' to avoid re-running this script phase.\necho \"SUCCESS\" > \"${SCRIPT_OUTPUT_FILE_0}\"\n";
			showEnvVarsInLog = 0;
		};
		C89E5C5BCBD01656751CE1D7 /* [CP] Check Pods Manifest.lock */ = {
			isa = PBXShellScriptBuildPhase;
			buildActionMask = 2147483647;
			files = (
			);
			inputFileListPaths = (
			);
			inputPaths = (
				"${PODS_PODFILE_DIR_PATH}/Podfile.lock",
				"${PODS_ROOT}/Manifest.lock",
			);
			name = "[CP] Check Pods Manifest.lock";
			outputFileListPaths = (
			);
			outputPaths = (
				"$(DERIVED_FILE_DIR)/Pods-CelerDemoUITests-checkManifestLockResult.txt",
			);
			runOnlyForDeploymentPostprocessing = 0;
			shellPath = /bin/sh;
			shellScript = "diff \"${PODS_PODFILE_DIR_PATH}/Podfile.lock\" \"${PODS_ROOT}/Manifest.lock\" > /dev/null\nif [ $? != 0 ] ; then\n    # print error to STDERR\n    echo \"error: The sandbox is not in sync with the Podfile.lock. Run 'pod install' or update your CocoaPods installation.\" >&2\n    exit 1\nfi\n# This output is used by Xcode 'outputs' to avoid re-running this script phase.\necho \"SUCCESS\" > \"${SCRIPT_OUTPUT_FILE_0}\"\n";
			showEnvVarsInLog = 0;
		};
/* End PBXShellScriptBuildPhase section */

/* Begin PBXSourcesBuildPhase section */
		1CAD743321E7DFAB0096A99D /* Sources */ = {
			isa = PBXSourcesBuildPhase;
			buildActionMask = 2147483647;
			files = (
				1CAD744321E7DFAB0096A99D /* CelerDemo.xcdatamodeld in Sources */,
				1CC1482321EA8C1F008D4356 /* Style.swift in Sources */,
				1CAD743D21E7DFAB0096A99D /* ViewController.swift in Sources */,
				1CAD743B21E7DFAB0096A99D /* AppDelegate.swift in Sources */,
				1CC1482121E9D116008D4356 /* Createable.swift in Sources */,
				1CC1481E21E94218008D4356 /* Slide.swift in Sources */,
			);
			runOnlyForDeploymentPostprocessing = 0;
		};
		1CAD744A21E7DFAF0096A99D /* Sources */ = {
			isa = PBXSourcesBuildPhase;
			buildActionMask = 2147483647;
			files = (
				1CAD745321E7DFAF0096A99D /* CelerDemoTests.swift in Sources */,
			);
			runOnlyForDeploymentPostprocessing = 0;
		};
		1CAD745521E7DFAF0096A99D /* Sources */ = {
			isa = PBXSourcesBuildPhase;
			buildActionMask = 2147483647;
			files = (
				1CAD745E21E7DFAF0096A99D /* CelerDemoUITests.swift in Sources */,
			);
			runOnlyForDeploymentPostprocessing = 0;
		};
/* End PBXSourcesBuildPhase section */

/* Begin PBXTargetDependency section */
		1CAD745021E7DFAF0096A99D /* PBXTargetDependency */ = {
			isa = PBXTargetDependency;
			target = 1CAD743621E7DFAB0096A99D /* CelerDemo */;
			targetProxy = 1CAD744F21E7DFAF0096A99D /* PBXContainerItemProxy */;
		};
		1CAD745B21E7DFAF0096A99D /* PBXTargetDependency */ = {
			isa = PBXTargetDependency;
			target = 1CAD743621E7DFAB0096A99D /* CelerDemo */;
			targetProxy = 1CAD745A21E7DFAF0096A99D /* PBXContainerItemProxy */;
		};
/* End PBXTargetDependency section */

/* Begin PBXVariantGroup section */
		1CAD743E21E7DFAB0096A99D /* Main.storyboard */ = {
			isa = PBXVariantGroup;
			children = (
				1CAD743F21E7DFAB0096A99D /* Base */,
			);
			name = Main.storyboard;
			sourceTree = "<group>";
		};
		1CAD744621E7DFAF0096A99D /* LaunchScreen.storyboard */ = {
			isa = PBXVariantGroup;
			children = (
				1CAD744721E7DFAF0096A99D /* Base */,
			);
			name = LaunchScreen.storyboard;
			sourceTree = "<group>";
		};
/* End PBXVariantGroup section */

/* Begin XCBuildConfiguration section */
		1CAD746021E7DFAF0096A99D /* Debug */ = {
			isa = XCBuildConfiguration;
			buildSettings = {
				ALWAYS_SEARCH_USER_PATHS = NO;
				CLANG_ANALYZER_NONNULL = YES;
				CLANG_ANALYZER_NUMBER_OBJECT_CONVERSION = YES_AGGRESSIVE;
				CLANG_CXX_LANGUAGE_STANDARD = "gnu++14";
				CLANG_CXX_LIBRARY = "libc++";
				CLANG_ENABLE_MODULES = YES;
				CLANG_ENABLE_OBJC_ARC = YES;
				CLANG_ENABLE_OBJC_WEAK = YES;
				CLANG_WARN_BLOCK_CAPTURE_AUTORELEASING = YES;
				CLANG_WARN_BOOL_CONVERSION = YES;
				CLANG_WARN_COMMA = YES;
				CLANG_WARN_CONSTANT_CONVERSION = YES;
				CLANG_WARN_DEPRECATED_OBJC_IMPLEMENTATIONS = YES;
				CLANG_WARN_DIRECT_OBJC_ISA_USAGE = YES_ERROR;
				CLANG_WARN_DOCUMENTATION_COMMENTS = YES;
				CLANG_WARN_EMPTY_BODY = YES;
				CLANG_WARN_ENUM_CONVERSION = YES;
				CLANG_WARN_INFINITE_RECURSION = YES;
				CLANG_WARN_INT_CONVERSION = YES;
				CLANG_WARN_NON_LITERAL_NULL_CONVERSION = YES;
				CLANG_WARN_OBJC_IMPLICIT_RETAIN_SELF = YES;
				CLANG_WARN_OBJC_LITERAL_CONVERSION = YES;
				CLANG_WARN_OBJC_ROOT_CLASS = YES_ERROR;
				CLANG_WARN_RANGE_LOOP_ANALYSIS = YES;
				CLANG_WARN_STRICT_PROTOTYPES = YES;
				CLANG_WARN_SUSPICIOUS_MOVE = YES;
				CLANG_WARN_UNGUARDED_AVAILABILITY = YES_AGGRESSIVE;
				CLANG_WARN_UNREACHABLE_CODE = YES;
				CLANG_WARN__DUPLICATE_METHOD_MATCH = YES;
				CODE_SIGN_IDENTITY = "iPhone Developer";
				COPY_PHASE_STRIP = NO;
				DEBUG_INFORMATION_FORMAT = dwarf;
				ENABLE_STRICT_OBJC_MSGSEND = YES;
				ENABLE_TESTABILITY = YES;
				GCC_C_LANGUAGE_STANDARD = gnu11;
				GCC_DYNAMIC_NO_PIC = NO;
				GCC_NO_COMMON_BLOCKS = YES;
				GCC_OPTIMIZATION_LEVEL = 0;
				GCC_PREPROCESSOR_DEFINITIONS = (
					"DEBUG=1",
					"$(inherited)",
				);
				GCC_WARN_64_TO_32_BIT_CONVERSION = YES;
				GCC_WARN_ABOUT_RETURN_TYPE = YES_ERROR;
				GCC_WARN_UNDECLARED_SELECTOR = YES;
				GCC_WARN_UNINITIALIZED_AUTOS = YES_AGGRESSIVE;
				GCC_WARN_UNUSED_FUNCTION = YES;
				GCC_WARN_UNUSED_VARIABLE = YES;
				IPHONEOS_DEPLOYMENT_TARGET = 12.1;
				MTL_ENABLE_DEBUG_INFO = INCLUDE_SOURCE;
				MTL_FAST_MATH = YES;
				ONLY_ACTIVE_ARCH = YES;
				SDKROOT = iphoneos;
				SWIFT_ACTIVE_COMPILATION_CONDITIONS = DEBUG;
				SWIFT_OBJC_BRIDGING_HEADER = "CelerDemo-Bridging-Header.h";
				SWIFT_OPTIMIZATION_LEVEL = "-Onone";
			};
			name = Debug;
		};
		1CAD746121E7DFAF0096A99D /* Release */ = {
			isa = XCBuildConfiguration;
			buildSettings = {
				ALWAYS_SEARCH_USER_PATHS = NO;
				CLANG_ANALYZER_NONNULL = YES;
				CLANG_ANALYZER_NUMBER_OBJECT_CONVERSION = YES_AGGRESSIVE;
				CLANG_CXX_LANGUAGE_STANDARD = "gnu++14";
				CLANG_CXX_LIBRARY = "libc++";
				CLANG_ENABLE_MODULES = YES;
				CLANG_ENABLE_OBJC_ARC = YES;
				CLANG_ENABLE_OBJC_WEAK = YES;
				CLANG_WARN_BLOCK_CAPTURE_AUTORELEASING = YES;
				CLANG_WARN_BOOL_CONVERSION = YES;
				CLANG_WARN_COMMA = YES;
				CLANG_WARN_CONSTANT_CONVERSION = YES;
				CLANG_WARN_DEPRECATED_OBJC_IMPLEMENTATIONS = YES;
				CLANG_WARN_DIRECT_OBJC_ISA_USAGE = YES_ERROR;
				CLANG_WARN_DOCUMENTATION_COMMENTS = YES;
				CLANG_WARN_EMPTY_BODY = YES;
				CLANG_WARN_ENUM_CONVERSION = YES;
				CLANG_WARN_INFINITE_RECURSION = YES;
				CLANG_WARN_INT_CONVERSION = YES;
				CLANG_WARN_NON_LITERAL_NULL_CONVERSION = YES;
				CLANG_WARN_OBJC_IMPLICIT_RETAIN_SELF = YES;
				CLANG_WARN_OBJC_LITERAL_CONVERSION = YES;
				CLANG_WARN_OBJC_ROOT_CLASS = YES_ERROR;
				CLANG_WARN_RANGE_LOOP_ANALYSIS = YES;
				CLANG_WARN_STRICT_PROTOTYPES = YES;
				CLANG_WARN_SUSPICIOUS_MOVE = YES;
				CLANG_WARN_UNGUARDED_AVAILABILITY = YES_AGGRESSIVE;
				CLANG_WARN_UNREACHABLE_CODE = YES;
				CLANG_WARN__DUPLICATE_METHOD_MATCH = YES;
				CODE_SIGN_IDENTITY = "iPhone Developer";
				COPY_PHASE_STRIP = NO;
				DEBUG_INFORMATION_FORMAT = "dwarf-with-dsym";
				ENABLE_NS_ASSERTIONS = NO;
				ENABLE_STRICT_OBJC_MSGSEND = YES;
				GCC_C_LANGUAGE_STANDARD = gnu11;
				GCC_NO_COMMON_BLOCKS = YES;
				GCC_WARN_64_TO_32_BIT_CONVERSION = YES;
				GCC_WARN_ABOUT_RETURN_TYPE = YES_ERROR;
				GCC_WARN_UNDECLARED_SELECTOR = YES;
				GCC_WARN_UNINITIALIZED_AUTOS = YES_AGGRESSIVE;
				GCC_WARN_UNUSED_FUNCTION = YES;
				GCC_WARN_UNUSED_VARIABLE = YES;
				IPHONEOS_DEPLOYMENT_TARGET = 12.1;
				MTL_ENABLE_DEBUG_INFO = NO;
				MTL_FAST_MATH = YES;
				SDKROOT = iphoneos;
				SWIFT_COMPILATION_MODE = wholemodule;
				SWIFT_OBJC_BRIDGING_HEADER = "CelerDemo-Bridging-Header.h";
				SWIFT_OPTIMIZATION_LEVEL = "-O";
				VALIDATE_PRODUCT = YES;
			};
			name = Release;
		};
		1CAD746321E7DFAF0096A99D /* Debug */ = {
			isa = XCBuildConfiguration;
			baseConfigurationReference = 28A27C6188B59831D957DAA5 /* Pods-CelerDemo.debug.xcconfig */;
			buildSettings = {
				ASSETCATALOG_COMPILER_APPICON_NAME = AppIcon;
				CLANG_ENABLE_MODULES = YES;
				CODE_SIGN_STYLE = Automatic;
				DEVELOPMENT_TEAM = 6859WY94X9;
				INFOPLIST_FILE = CelerDemo/Info.plist;
				LD_RUNPATH_SEARCH_PATHS = (
					"$(inherited)",
					"@executable_path/Frameworks",
				);
				PRODUCT_BUNDLE_IDENTIFIER = com.caitlynchen.CelerDemo;
				PRODUCT_NAME = "$(TARGET_NAME)";
				SWIFT_OBJC_BRIDGING_HEADER = "CelerDemo/CelerDemo-Bridging-Header.h";
				SWIFT_OPTIMIZATION_LEVEL = "-Onone";
				SWIFT_VERSION = 4.2;
				TARGETED_DEVICE_FAMILY = "1,2";
			};
			name = Debug;
		};
		1CAD746421E7DFAF0096A99D /* Release */ = {
			isa = XCBuildConfiguration;
			baseConfigurationReference = 721583E9C6FCE1C7252FE92D /* Pods-CelerDemo.release.xcconfig */;
			buildSettings = {
				ASSETCATALOG_COMPILER_APPICON_NAME = AppIcon;
				CLANG_ENABLE_MODULES = YES;
				CODE_SIGN_STYLE = Automatic;
				DEVELOPMENT_TEAM = 6859WY94X9;
				INFOPLIST_FILE = CelerDemo/Info.plist;
				LD_RUNPATH_SEARCH_PATHS = (
					"$(inherited)",
					"@executable_path/Frameworks",
				);
				PRODUCT_BUNDLE_IDENTIFIER = com.caitlynchen.CelerDemo;
				PRODUCT_NAME = "$(TARGET_NAME)";
				SWIFT_OBJC_BRIDGING_HEADER = "CelerDemo/CelerDemo-Bridging-Header.h";
				SWIFT_VERSION = 4.2;
				TARGETED_DEVICE_FAMILY = "1,2";
			};
			name = Release;
		};
		1CAD746621E7DFAF0096A99D /* Debug */ = {
			isa = XCBuildConfiguration;
			baseConfigurationReference = 64188C20D5424D41B0DB3A92 /* Pods-CelerDemoTests.debug.xcconfig */;
			buildSettings = {
				ALWAYS_EMBED_SWIFT_STANDARD_LIBRARIES = YES;
				BUNDLE_LOADER = "$(TEST_HOST)";
				CODE_SIGN_STYLE = Automatic;
				DEVELOPMENT_TEAM = P52BHBX235;
				INFOPLIST_FILE = CelerDemoTests/Info.plist;
				LD_RUNPATH_SEARCH_PATHS = (
					"$(inherited)",
					"@executable_path/Frameworks",
					"@loader_path/Frameworks",
				);
				PRODUCT_BUNDLE_IDENTIFIER = com.caitlynchen.CelerDemoTests;
				PRODUCT_NAME = "$(TARGET_NAME)";
				SWIFT_VERSION = 4.2;
				TARGETED_DEVICE_FAMILY = "1,2";
				TEST_HOST = "$(BUILT_PRODUCTS_DIR)/CelerDemo.app/CelerDemo";
			};
			name = Debug;
		};
		1CAD746721E7DFAF0096A99D /* Release */ = {
			isa = XCBuildConfiguration;
			baseConfigurationReference = 5652641505D13E8EB45A7DE3 /* Pods-CelerDemoTests.release.xcconfig */;
			buildSettings = {
				ALWAYS_EMBED_SWIFT_STANDARD_LIBRARIES = YES;
				BUNDLE_LOADER = "$(TEST_HOST)";
				CODE_SIGN_STYLE = Automatic;
				DEVELOPMENT_TEAM = P52BHBX235;
				INFOPLIST_FILE = CelerDemoTests/Info.plist;
				LD_RUNPATH_SEARCH_PATHS = (
					"$(inherited)",
					"@executable_path/Frameworks",
					"@loader_path/Frameworks",
				);
				PRODUCT_BUNDLE_IDENTIFIER = com.caitlynchen.CelerDemoTests;
				PRODUCT_NAME = "$(TARGET_NAME)";
				SWIFT_VERSION = 4.2;
				TARGETED_DEVICE_FAMILY = "1,2";
				TEST_HOST = "$(BUILT_PRODUCTS_DIR)/CelerDemo.app/CelerDemo";
			};
			name = Release;
		};
		1CAD746921E7DFAF0096A99D /* Debug */ = {
			isa = XCBuildConfiguration;
			baseConfigurationReference = ADAE05BB6744D24ACAE97415 /* Pods-CelerDemoUITests.debug.xcconfig */;
			buildSettings = {
				ALWAYS_EMBED_SWIFT_STANDARD_LIBRARIES = YES;
				CODE_SIGN_STYLE = Automatic;
				DEVELOPMENT_TEAM = P52BHBX235;
				INFOPLIST_FILE = CelerDemoUITests/Info.plist;
				LD_RUNPATH_SEARCH_PATHS = (
					"$(inherited)",
					"@executable_path/Frameworks",
					"@loader_path/Frameworks",
				);
				PRODUCT_BUNDLE_IDENTIFIER = com.caitlynchen.CelerDemoUITests;
				PRODUCT_NAME = "$(TARGET_NAME)";
				SWIFT_VERSION = 4.2;
				TARGETED_DEVICE_FAMILY = "1,2";
				TEST_TARGET_NAME = CelerDemo;
			};
			name = Debug;
		};
		1CAD746A21E7DFAF0096A99D /* Release */ = {
			isa = XCBuildConfiguration;
			baseConfigurationReference = FB82B164239E6129C3158598 /* Pods-CelerDemoUITests.release.xcconfig */;
			buildSettings = {
				ALWAYS_EMBED_SWIFT_STANDARD_LIBRARIES = YES;
				CODE_SIGN_STYLE = Automatic;
				DEVELOPMENT_TEAM = P52BHBX235;
				INFOPLIST_FILE = CelerDemoUITests/Info.plist;
				LD_RUNPATH_SEARCH_PATHS = (
					"$(inherited)",
					"@executable_path/Frameworks",
					"@loader_path/Frameworks",
				);
				PRODUCT_BUNDLE_IDENTIFIER = com.caitlynchen.CelerDemoUITests;
				PRODUCT_NAME = "$(TARGET_NAME)";
				SWIFT_VERSION = 4.2;
				TARGETED_DEVICE_FAMILY = "1,2";
				TEST_TARGET_NAME = CelerDemo;
			};
			name = Release;
		};
/* End XCBuildConfiguration section */

/* Begin XCConfigurationList section */
		1CAD743221E7DFAB0096A99D /* Build configuration list for PBXProject "CelerDemo" */ = {
			isa = XCConfigurationList;
			buildConfigurations = (
				1CAD746021E7DFAF0096A99D /* Debug */,
				1CAD746121E7DFAF0096A99D /* Release */,
			);
			defaultConfigurationIsVisible = 0;
			defaultConfigurationName = Release;
		};
		1CAD746221E7DFAF0096A99D /* Build configuration list for PBXNativeTarget "CelerDemo" */ = {
			isa = XCConfigurationList;
			buildConfigurations = (
				1CAD746321E7DFAF0096A99D /* Debug */,
				1CAD746421E7DFAF0096A99D /* Release */,
			);
			defaultConfigurationIsVisible = 0;
			defaultConfigurationName = Release;
		};
		1CAD746521E7DFAF0096A99D /* Build configuration list for PBXNativeTarget "CelerDemoTests" */ = {
			isa = XCConfigurationList;
			buildConfigurations = (
				1CAD746621E7DFAF0096A99D /* Debug */,
				1CAD746721E7DFAF0096A99D /* Release */,
			);
			defaultConfigurationIsVisible = 0;
			defaultConfigurationName = Release;
		};
		1CAD746821E7DFAF0096A99D /* Build configuration list for PBXNativeTarget "CelerDemoUITests" */ = {
			isa = XCConfigurationList;
			buildConfigurations = (
				1CAD746921E7DFAF0096A99D /* Debug */,
				1CAD746A21E7DFAF0096A99D /* Release */,
			);
			defaultConfigurationIsVisible = 0;
			defaultConfigurationName = Release;
		};
/* End XCConfigurationList section */

/* Begin XCVersionGroup section */
		1CAD744121E7DFAB0096A99D /* CelerDemo.xcdatamodeld */ = {
			isa = XCVersionGroup;
			children = (
				1CAD744221E7DFAB0096A99D /* CelerDemo.xcdatamodel */,
			);
			currentVersion = 1CAD744221E7DFAB0096A99D /* CelerDemo.xcdatamodel */;
			path = CelerDemo.xcdatamodeld;
			sourceTree = "<group>";
			versionGroupType = wrapper.xcdatamodel;
		};
/* End XCVersionGroup section */
	};
	rootObject = 1CAD742F21E7DFAB0096A99D /* Project object */;
}
